
Microsoft Visual Studio Solution File, Format Version 12.00
# Visual Studio Version 17
VisualStudioVersion = 17.7.34202.233
MinimumVisualStudioVersion = 10.0.40219.1
Project("{FAE04EC0-301F-11D3-BF4B-00C04F79EFBC}") = "pr_2", "pr_2\pr_2.csproj", "{4CCFD07E-8BB8-43BE-A9E3-B9612C41536F}"
EndProject
Global
	GlobalSection(SolutionConfigurationPlatforms) = preSolution
		Debug|Any CPU = Debug|Any CPU
		Release|Any CPU = Release|Any CPU
	EndGlobalSection
	GlobalSection(ProjectConfigurationPlatforms) = postSolution
		{4CCFD07E-8BB8-43BE-A9E3-B9612C41536F}.Debug|Any CPU.ActiveCfg = Debug|Any CPU
		{4CCFD07E-8BB8-43BE-A9E3-B9612C41536F}.Debug|Any CPU.Build.0 = Debug|Any CPU
		{4CCFD07E-8BB8-43BE-A9E3-B9612C41536F}.Release|Any CPU.ActiveCfg = Release|Any CPU
		{4CCFD07E-8BB8-43BE-A9E3-B9612C41536F}.Release|Any CPU.Build.0 = Release|Any CPU
	EndGlobalSection
	GlobalSection(SolutionProperties) = preSolution
		HideSolutionNode = FALSE
	EndGlobalSection
	GlobalSection(ExtensibilityGlobals) = postSolution
		SolutionGuid = {741AE588-5B4F-451C-96B3-3D476F01A2EE}
	EndGlobalSection
EndGlobal
